
Microsoft Visual Studio Solution File, Format Version 12.00
# Visual Studio Version 16
VisualStudioVersion = 16.0.29709.97
MinimumVisualStudioVersion = 10.0.40219.1
Project("{2150E333-8FDC-42A3-9474-1A3956D46DE8}") = "Client", "Client", "{BD253B35-EBAA-4C7C-A6EC-DED62A3AFAC6}"
EndProject
Project("{2150E333-8FDC-42A3-9474-1A3956D46DE8}") = "Server", "Server", "{30DF776A-BFCA-497D-92E9-E2E05037FE3A}"
EndProject
Project("{FAE04EC0-301F-11D3-BF4B-00C04F79EFBC}") = "Server.Web", "Server.Web\Server.Web.csproj", "{D36FF5E5-712F-4819-B1AE-D4FBC931E53A}"
EndProject
Project("{FAE04EC0-301F-11D3-BF4B-00C04F79EFBC}") = "Server.Storage.FileSystem", "Server.Storage.FileSystem\Server.Storage.FileSystem.csproj", "{ED4C1B0D-83FE-4196-A6FE-B7BFECC82EB4}"
EndProject
Project("{FAE04EC0-301F-11D3-BF4B-00C04F79EFBC}") = "Server.Core", "Server.Core\Server.Core.csproj", "{46ED7D4D-1ABF-45FB-A783-C4001CBE6A92}"
EndProject
Project("{2150E333-8FDC-42A3-9474-1A3956D46DE8}") = "Common", "Common", "{C39863FC-96B6-4750-91B1-C080EA5DF06A}"
EndProject
Project("{FAE04EC0-301F-11D3-BF4B-00C04F79EFBC}") = "DataContracts", "DataContracts\DataContracts.csproj", "{C4858D02-996D-4B1F-BDF0-3C2C2F688CAF}"
EndProject
Project("{FAE04EC0-301F-11D3-BF4B-00C04F79EFBC}") = "Bootloader", "Bootloader\Bootloader.csproj", "{C46F0073-0FAE-40B5-8074-1259D6669F03}"
EndProject
Project("{FAE04EC0-301F-11D3-BF4B-00C04F79EFBC}") = "Sample", "Sample\Sample.csproj", "{C4BDCA42-EB3B-4065-BC5A-AFDCDC5EF163}"
EndProject
Project("{FAE04EC0-301F-11D3-BF4B-00C04F79EFBC}") = "Bootloader.Business", "Bootloader.Business\Bootloader.Business.csproj", "{8D9E6EA9-82E5-40A1-B285-41BAA87290DF}"
EndProject
Project("{FAE04EC0-301F-11D3-BF4B-00C04F79EFBC}") = "Bootloader.Core", "Bootloader.Core\Bootloader.Core.csproj", "{0C68BCFE-6FD0-43FB-92B2-E4ACCF5B3873}"
EndProject
Project("{2150E333-8FDC-42A3-9474-1A3956D46DE8}") = "Storage", "Storage", "{C2FB2DE4-4986-43D3-821B-D945CCA49B43}"
EndProject
Project("{2150E333-8FDC-42A3-9474-1A3956D46DE8}") = "File", "File", "{BE0A4F26-6482-4A03-BD7A-1E4BF3DA31E0}"
EndProject
Project("{2150E333-8FDC-42A3-9474-1A3956D46DE8}") = "Database", "Database", "{217724E8-D4B4-4CC9-AA2F-D3D9C77F37B1}"
EndProject
Project("{FAE04EC0-301F-11D3-BF4B-00C04F79EFBC}") = "Server.Storage.Database", "Server.Storage.Database\Server.Storage.Database.csproj", "{9EEC9F59-F12F-4A52-8BBE-ED89259E634A}"
EndProject
Project("{2150E333-8FDC-42A3-9474-1A3956D46DE8}") = "Bootloader", "Bootloader", "{8852775E-0AD9-4A6F-AA3C-2EAE1BF02E18}"
EndProject
Project("{2150E333-8FDC-42A3-9474-1A3956D46DE8}") = "SampleApplication", "SampleApplication", "{932CCDB1-EE1D-4670-87EE-38661FB0C49D}"
EndProject
Project("{FAE04EC0-301F-11D3-BF4B-00C04F79EFBC}") = "Server.Storage.FileSystem.Tests", "Server.Storage.FileSystem.Tests\Server.Storage.FileSystem.Tests.csproj", "{9C7E6114-D489-42C3-A8B9-A55BE012A27D}"
EndProject
Global
	GlobalSection(SolutionConfigurationPlatforms) = preSolution
		Debug|Any CPU = Debug|Any CPU
		Release|Any CPU = Release|Any CPU
	EndGlobalSection
	GlobalSection(ProjectConfigurationPlatforms) = postSolution
		{D36FF5E5-712F-4819-B1AE-D4FBC931E53A}.Debug|Any CPU.ActiveCfg = Debug|Any CPU
		{D36FF5E5-712F-4819-B1AE-D4FBC931E53A}.Debug|Any CPU.Build.0 = Debug|Any CPU
		{D36FF5E5-712F-4819-B1AE-D4FBC931E53A}.Release|Any CPU.ActiveCfg = Release|Any CPU
		{D36FF5E5-712F-4819-B1AE-D4FBC931E53A}.Release|Any CPU.Build.0 = Release|Any CPU
		{ED4C1B0D-83FE-4196-A6FE-B7BFECC82EB4}.Debug|Any CPU.ActiveCfg = Debug|Any CPU
		{ED4C1B0D-83FE-4196-A6FE-B7BFECC82EB4}.Debug|Any CPU.Build.0 = Debug|Any CPU
		{ED4C1B0D-83FE-4196-A6FE-B7BFECC82EB4}.Release|Any CPU.ActiveCfg = Release|Any CPU
		{ED4C1B0D-83FE-4196-A6FE-B7BFECC82EB4}.Release|Any CPU.Build.0 = Release|Any CPU
		{46ED7D4D-1ABF-45FB-A783-C4001CBE6A92}.Debug|Any CPU.ActiveCfg = Debug|Any CPU
		{46ED7D4D-1ABF-45FB-A783-C4001CBE6A92}.Debug|Any CPU.Build.0 = Debug|Any CPU
		{46ED7D4D-1ABF-45FB-A783-C4001CBE6A92}.Release|Any CPU.ActiveCfg = Release|Any CPU
		{46ED7D4D-1ABF-45FB-A783-C4001CBE6A92}.Release|Any CPU.Build.0 = Release|Any CPU
		{C4858D02-996D-4B1F-BDF0-3C2C2F688CAF}.Debug|Any CPU.ActiveCfg = Debug|Any CPU
		{C4858D02-996D-4B1F-BDF0-3C2C2F688CAF}.Debug|Any CPU.Build.0 = Debug|Any CPU
		{C4858D02-996D-4B1F-BDF0-3C2C2F688CAF}.Release|Any CPU.ActiveCfg = Release|Any CPU
		{C4858D02-996D-4B1F-BDF0-3C2C2F688CAF}.Release|Any CPU.Build.0 = Release|Any CPU
		{C46F0073-0FAE-40B5-8074-1259D6669F03}.Debug|Any CPU.ActiveCfg = Debug|Any CPU
		{C46F0073-0FAE-40B5-8074-1259D6669F03}.Debug|Any CPU.Build.0 = Debug|Any CPU
		{C46F0073-0FAE-40B5-8074-1259D6669F03}.Release|Any CPU.ActiveCfg = Release|Any CPU
		{C46F0073-0FAE-40B5-8074-1259D6669F03}.Release|Any CPU.Build.0 = Release|Any CPU
		{C4BDCA42-EB3B-4065-BC5A-AFDCDC5EF163}.Debug|Any CPU.ActiveCfg = Debug|Any CPU
		{C4BDCA42-EB3B-4065-BC5A-AFDCDC5EF163}.Debug|Any CPU.Build.0 = Debug|Any CPU
		{C4BDCA42-EB3B-4065-BC5A-AFDCDC5EF163}.Release|Any CPU.ActiveCfg = Release|Any CPU
		{C4BDCA42-EB3B-4065-BC5A-AFDCDC5EF163}.Release|Any CPU.Build.0 = Release|Any CPU
		{8D9E6EA9-82E5-40A1-B285-41BAA87290DF}.Debug|Any CPU.ActiveCfg = Debug|Any CPU
		{8D9E6EA9-82E5-40A1-B285-41BAA87290DF}.Debug|Any CPU.Build.0 = Debug|Any CPU
		{8D9E6EA9-82E5-40A1-B285-41BAA87290DF}.Release|Any CPU.ActiveCfg = Release|Any CPU
		{8D9E6EA9-82E5-40A1-B285-41BAA87290DF}.Release|Any CPU.Build.0 = Release|Any CPU
		{0C68BCFE-6FD0-43FB-92B2-E4ACCF5B3873}.Debug|Any CPU.ActiveCfg = Debug|Any CPU
		{0C68BCFE-6FD0-43FB-92B2-E4ACCF5B3873}.Debug|Any CPU.Build.0 = Debug|Any CPU
		{0C68BCFE-6FD0-43FB-92B2-E4ACCF5B3873}.Release|Any CPU.ActiveCfg = Release|Any CPU
		{0C68BCFE-6FD0-43FB-92B2-E4ACCF5B3873}.Release|Any CPU.Build.0 = Release|Any CPU
		{9EEC9F59-F12F-4A52-8BBE-ED89259E634A}.Debug|Any CPU.ActiveCfg = Debug|Any CPU
		{9EEC9F59-F12F-4A52-8BBE-ED89259E634A}.Debug|Any CPU.Build.0 = Debug|Any CPU
		{9EEC9F59-F12F-4A52-8BBE-ED89259E634A}.Release|Any CPU.ActiveCfg = Release|Any CPU
		{9EEC9F59-F12F-4A52-8BBE-ED89259E634A}.Release|Any CPU.Build.0 = Release|Any CPU
		{9C7E6114-D489-42C3-A8B9-A55BE012A27D}.Debug|Any CPU.ActiveCfg = Debug|Any CPU
		{9C7E6114-D489-42C3-A8B9-A55BE012A27D}.Debug|Any CPU.Build.0 = Debug|Any CPU
		{9C7E6114-D489-42C3-A8B9-A55BE012A27D}.Release|Any CPU.ActiveCfg = Release|Any CPU
		{9C7E6114-D489-42C3-A8B9-A55BE012A27D}.Release|Any CPU.Build.0 = Release|Any CPU
	EndGlobalSection
	GlobalSection(SolutionProperties) = preSolution
		HideSolutionNode = FALSE
	EndGlobalSection
	GlobalSection(NestedProjects) = preSolution
		{D36FF5E5-712F-4819-B1AE-D4FBC931E53A} = {30DF776A-BFCA-497D-92E9-E2E05037FE3A}
		{ED4C1B0D-83FE-4196-A6FE-B7BFECC82EB4} = {BE0A4F26-6482-4A03-BD7A-1E4BF3DA31E0}
		{46ED7D4D-1ABF-45FB-A783-C4001CBE6A92} = {30DF776A-BFCA-497D-92E9-E2E05037FE3A}
		{C4858D02-996D-4B1F-BDF0-3C2C2F688CAF} = {C39863FC-96B6-4750-91B1-C080EA5DF06A}
		{C46F0073-0FAE-40B5-8074-1259D6669F03} = {8852775E-0AD9-4A6F-AA3C-2EAE1BF02E18}
		{C4BDCA42-EB3B-4065-BC5A-AFDCDC5EF163} = {932CCDB1-EE1D-4670-87EE-38661FB0C49D}
		{8D9E6EA9-82E5-40A1-B285-41BAA87290DF} = {8852775E-0AD9-4A6F-AA3C-2EAE1BF02E18}
		{0C68BCFE-6FD0-43FB-92B2-E4ACCF5B3873} = {8852775E-0AD9-4A6F-AA3C-2EAE1BF02E18}
		{C2FB2DE4-4986-43D3-821B-D945CCA49B43} = {30DF776A-BFCA-497D-92E9-E2E05037FE3A}
		{BE0A4F26-6482-4A03-BD7A-1E4BF3DA31E0} = {C2FB2DE4-4986-43D3-821B-D945CCA49B43}
		{217724E8-D4B4-4CC9-AA2F-D3D9C77F37B1} = {C2FB2DE4-4986-43D3-821B-D945CCA49B43}
		{9EEC9F59-F12F-4A52-8BBE-ED89259E634A} = {217724E8-D4B4-4CC9-AA2F-D3D9C77F37B1}
		{8852775E-0AD9-4A6F-AA3C-2EAE1BF02E18} = {BD253B35-EBAA-4C7C-A6EC-DED62A3AFAC6}
		{932CCDB1-EE1D-4670-87EE-38661FB0C49D} = {BD253B35-EBAA-4C7C-A6EC-DED62A3AFAC6}
		{9C7E6114-D489-42C3-A8B9-A55BE012A27D} = {BE0A4F26-6482-4A03-BD7A-1E4BF3DA31E0}
	EndGlobalSection
	GlobalSection(ExtensibilityGlobals) = postSolution
		SolutionGuid = {119A44E9-5211-40B8-A9B6-5A16A02C53B4}
	EndGlobalSection
EndGlobal
